// !$*UTF8*$!
{
	archiveVersion = 1;
	classes = {
	};
	objectVersion = 50;
	objects = {

/* Begin PBXBuildFile section */
		682728D7224515F4004AABBA /* AppDelegate.swift in Sources */ = {isa = PBXBuildFile; fileRef = 682728D6224515F4004AABBA /* AppDelegate.swift */; };
		682728DC224515F4004AABBA /* Main.storyboard in Resources */ = {isa = PBXBuildFile; fileRef = 682728DA224515F4004AABBA /* Main.storyboard */; };
		682728DE224515F4004AABBA /* Assets.xcassets in Resources */ = {isa = PBXBuildFile; fileRef = 682728DD224515F4004AABBA /* Assets.xcassets */; };
		682728E1224515F4004AABBA /* LaunchScreen.storyboard in Resources */ = {isa = PBXBuildFile; fileRef = 682728DF224515F4004AABBA /* LaunchScreen.storyboard */; };
		682728EC224515F4004AABBA /* WorldTrotterTests.swift in Sources */ = {isa = PBXBuildFile; fileRef = 682728EB224515F4004AABBA /* WorldTrotterTests.swift */; };
		682728F7224515F4004AABBA /* WorldTrotterUITests.swift in Sources */ = {isa = PBXBuildFile; fileRef = 682728F6224515F4004AABBA /* WorldTrotterUITests.swift */; };
		6840FA14224E638500662D2F /* ConversionViewController.swift in Sources */ = {isa = PBXBuildFile; fileRef = 6840FA13224E638500662D2F /* ConversionViewController.swift */; };
		68EEB2882257F1A000AA4C99 /* MapKit.framework in Frameworks */ = {isa = PBXBuildFile; fileRef = 68EEB2872257F1A000AA4C99 /* MapKit.framework */; };
		68EEB28A2257F9B000AA4C99 /* MapViewController.swift in Sources */ = {isa = PBXBuildFile; fileRef = 68EEB2892257F9B000AA4C99 /* MapViewController.swift */; };
/* End PBXBuildFile section */

/* Begin PBXContainerItemProxy section */
		682728E8224515F4004AABBA /* PBXContainerItemProxy */ = {
			isa = PBXContainerItemProxy;
			containerPortal = 682728CB224515F4004AABBA /* Project object */;
			proxyType = 1;
			remoteGlobalIDString = 682728D2224515F4004AABBA;
			remoteInfo = WorldTrotter;
		};
		682728F3224515F4004AABBA /* PBXContainerItemProxy */ = {
			isa = PBXContainerItemProxy;
			containerPortal = 682728CB224515F4004AABBA /* Project object */;
			proxyType = 1;
			remoteGlobalIDString = 682728D2224515F4004AABBA;
			remoteInfo = WorldTrotter;
		};
/* End PBXContainerItemProxy section */

/* Begin PBXFileReference section */
		682728D3224515F4004AABBA /* WorldTrotter.app */ = {isa = PBXFileReference; explicitFileType = wrapper.application; includeInIndex = 0; path = WorldTrotter.app; sourceTree = BUILT_PRODUCTS_DIR; };
		682728D6224515F4004AABBA /* AppDelegate.swift */ = {isa = PBXFileReference; lastKnownFileType = sourcecode.swift; path = AppDelegate.swift; sourceTree = "<group>"; };
		682728DB224515F4004AABBA /* Base */ = {isa = PBXFileReference; lastKnownFileType = file.storyboard; name = Base; path = Base.lproj/Main.storyboard; sourceTree = "<group>"; };
		682728DD224515F4004AABBA /* Assets.xcassets */ = {isa = PBXFileReference; lastKnownFileType = folder.assetcatalog; path = Assets.xcassets; sourceTree = "<group>"; };
		682728E0224515F4004AABBA /* Base */ = {isa = PBXFileReference; lastKnownFileType = file.storyboard; name = Base; path = Base.lproj/LaunchScreen.storyboard; sourceTree = "<group>"; };
		682728E2224515F4004AABBA /* Info.plist */ = {isa = PBXFileReference; lastKnownFileType = text.plist.xml; path = Info.plist; sourceTree = "<group>"; };
		682728E7224515F4004AABBA /* WorldTrotterTests.xctest */ = {isa = PBXFileReference; explicitFileType = wrapper.cfbundle; includeInIndex = 0; path = WorldTrotterTests.xctest; sourceTree = BUILT_PRODUCTS_DIR; };
		682728EB224515F4004AABBA /* WorldTrotterTests.swift */ = {isa = PBXFileReference; lastKnownFileType = sourcecode.swift; path = WorldTrotterTests.swift; sourceTree = "<group>"; };
		682728ED224515F4004AABBA /* Info.plist */ = {isa = PBXFileReference; lastKnownFileType = text.plist.xml; path = Info.plist; sourceTree = "<group>"; };
		682728F2224515F4004AABBA /* WorldTrotterUITests.xctest */ = {isa = PBXFileReference; explicitFileType = wrapper.cfbundle; includeInIndex = 0; path = WorldTrotterUITests.xctest; sourceTree = BUILT_PRODUCTS_DIR; };
		682728F6224515F4004AABBA /* WorldTrotterUITests.swift */ = {isa = PBXFileReference; lastKnownFileType = sourcecode.swift; path = WorldTrotterUITests.swift; sourceTree = "<group>"; };
		682728F8224515F4004AABBA /* Info.plist */ = {isa = PBXFileReference; lastKnownFileType = text.plist.xml; path = Info.plist; sourceTree = "<group>"; };
		6840FA13224E638500662D2F /* ConversionViewController.swift */ = {isa = PBXFileReference; lastKnownFileType = sourcecode.swift; name = ConversionViewController.swift; path = WorldTrotter/ConversionViewController.swift; sourceTree = "<group>"; };
		68EEB2872257F1A000AA4C99 /* MapKit.framework */ = {isa = PBXFileReference; lastKnownFileType = wrapper.framework; name = MapKit.framework; path = System/Library/Frameworks/MapKit.framework; sourceTree = SDKROOT; };
		68EEB2892257F9B000AA4C99 /* MapViewController.swift */ = {isa = PBXFileReference; lastKnownFileType = sourcecode.swift; path = MapViewController.swift; sourceTree = "<group>"; };
/* End PBXFileReference section */

/* Begin PBXFrameworksBuildPhase section */
		682728D0224515F4004AABBA /* Frameworks */ = {
			isa = PBXFrameworksBuildPhase;
			buildActionMask = 2147483647;
			files = (
				68EEB2882257F1A000AA4C99 /* MapKit.framework in Frameworks */,
			);
			runOnlyForDeploymentPostprocessing = 0;
		};
		682728E4224515F4004AABBA /* Frameworks */ = {
			isa = PBXFrameworksBuildPhase;
			buildActionMask = 2147483647;
			files = (
			);
			runOnlyForDeploymentPostprocessing = 0;
		};
		682728EF224515F4004AABBA /* Frameworks */ = {
			isa = PBXFrameworksBuildPhase;
			buildActionMask = 2147483647;
			files = (
			);
			runOnlyForDeploymentPostprocessing = 0;
		};
/* End PBXFrameworksBuildPhase section */

/* Begin PBXGroup section */
		682728CA224515F4004AABBA = {
			isa = PBXGroup;
			children = (
				6840FA13224E638500662D2F /* ConversionViewController.swift */,
				682728D5224515F4004AABBA /* WorldTrotter */,
				682728EA224515F4004AABBA /* WorldTrotterTests */,
				682728F5224515F4004AABBA /* WorldTrotterUITests */,
				682728D4224515F4004AABBA /* Products */,
				68EEB2862257F19F00AA4C99 /* Frameworks */,
			);
			sourceTree = "<group>";
		};
		682728D4224515F4004AABBA /* Products */ = {
			isa = PBXGroup;
			children = (
				682728D3224515F4004AABBA /* WorldTrotter.app */,
				682728E7224515F4004AABBA /* WorldTrotterTests.xctest */,
				682728F2224515F4004AABBA /* WorldTrotterUITests.xctest */,
			);
			name = Products;
			sourceTree = "<group>";
		};
		682728D5224515F4004AABBA /* WorldTrotter */ = {
			isa = PBXGroup;
			children = (
				682728D6224515F4004AABBA /* AppDelegate.swift */,
				682728DA224515F4004AABBA /* Main.storyboard */,
				68EEB2892257F9B000AA4C99 /* MapViewController.swift */,
				682728DD224515F4004AABBA /* Assets.xcassets */,
				682728DF224515F4004AABBA /* LaunchScreen.storyboard */,
				682728E2224515F4004AABBA /* Info.plist */,
			);
			path = WorldTrotter;
			sourceTree = "<group>";
		};
		682728EA224515F4004AABBA /* WorldTrotterTests */ = {
			isa = PBXGroup;
			children = (
				682728EB224515F4004AABBA /* WorldTrotterTests.swift */,
				682728ED224515F4004AABBA /* Info.plist */,
			);
			path = WorldTrotterTests;
			sourceTree = "<group>";
		};
		682728F5224515F4004AABBA /* WorldTrotterUITests */ = {
			isa = PBXGroup;
			children = (
				682728F6224515F4004AABBA /* WorldTrotterUITests.swift */,
				682728F8224515F4004AABBA /* Info.plist */,
			);
			path = WorldTrotterUITests;
			sourceTree = "<group>";
		};
		68EEB2862257F19F00AA4C99 /* Frameworks */ = {
			isa = PBXGroup;
			children = (
				68EEB2872257F1A000AA4C99 /* MapKit.framework */,
			);
			name = Frameworks;
			sourceTree = "<group>";
		};
/* End PBXGroup section */

/* Begin PBXNativeTarget section */
		682728D2224515F4004AABBA /* WorldTrotter */ = {
			isa = PBXNativeTarget;
			buildConfigurationList = 682728FB224515F5004AABBA /* Build configuration list for PBXNativeTarget "WorldTrotter" */;
			buildPhases = (
				682728CF224515F4004AABBA /* Sources */,
				682728D0224515F4004AABBA /* Frameworks */,
				682728D1224515F4004AABBA /* Resources */,
			);
			buildRules = (
			);
			dependencies = (
			);
			name = WorldTrotter;
			productName = WorldTrotter;
			productReference = 682728D3224515F4004AABBA /* WorldTrotter.app */;
			productType = "com.apple.product-type.application";
		};
		682728E6224515F4004AABBA /* WorldTrotterTests */ = {
			isa = PBXNativeTarget;
			buildConfigurationList = 682728FE224515F5004AABBA /* Build configuration list for PBXNativeTarget "WorldTrotterTests" */;
			buildPhases = (
				682728E3224515F4004AABBA /* Sources */,
				682728E4224515F4004AABBA /* Frameworks */,
				682728E5224515F4004AABBA /* Resources */,
			);
			buildRules = (
			);
			dependencies = (
				682728E9224515F4004AABBA /* PBXTargetDependency */,
			);
			name = WorldTrotterTests;
			productName = WorldTrotterTests;
			productReference = 682728E7224515F4004AABBA /* WorldTrotterTests.xctest */;
			productType = "com.apple.product-type.bundle.unit-test";
		};
		682728F1224515F4004AABBA /* WorldTrotterUITests */ = {
			isa = PBXNativeTarget;
			buildConfigurationList = 68272901224515F5004AABBA /* Build configuration list for PBXNativeTarget "WorldTrotterUITests" */;
			buildPhases = (
				682728EE224515F4004AABBA /* Sources */,
				682728EF224515F4004AABBA /* Frameworks */,
				682728F0224515F4004AABBA /* Resources */,
			);
			buildRules = (
			);
			dependencies = (
				682728F4224515F4004AABBA /* PBXTargetDependency */,
			);
			name = WorldTrotterUITests;
			productName = WorldTrotterUITests;
			productReference = 682728F2224515F4004AABBA /* WorldTrotterUITests.xctest */;
			productType = "com.apple.product-type.bundle.ui-testing";
		};
/* End PBXNativeTarget section */

/* Begin PBXProject section */
		682728CB224515F4004AABBA /* Project object */ = {
			isa = PBXProject;
			attributes = {
				LastSwiftUpdateCheck = 1010;
				LastUpgradeCheck = 1010;
				ORGANIZATIONNAME = "Apple Inc.";
				TargetAttributes = {
					682728D2224515F4004AABBA = {
						CreatedOnToolsVersion = 10.1;
					};
					682728E6224515F4004AABBA = {
						CreatedOnToolsVersion = 10.1;
						TestTargetID = 682728D2224515F4004AABBA;
					};
					682728F1224515F4004AABBA = {
						CreatedOnToolsVersion = 10.1;
						TestTargetID = 682728D2224515F4004AABBA;
					};
				};
			};
			buildConfigurationList = 682728CE224515F4004AABBA /* Build configuration list for PBXProject "WorldTrotter" */;
			compatibilityVersion = "Xcode 9.3";
			developmentRegion = en;
			hasScannedForEncodings = 0;
			knownRegions = (
				en,
				Base,
			);
			mainGroup = 682728CA224515F4004AABBA;
			productRefGroup = 682728D4224515F4004AABBA /* Products */;
			projectDirPath = "";
			projectRoot = "";
			targets = (
				682728D2224515F4004AABBA /* WorldTrotter */,
				682728E6224515F4004AABBA /* WorldTrotterTests */,
				682728F1224515F4004AABBA /* WorldTrotterUITests */,
			);
		};
/* End PBXProject section */

/* Begin PBXResourcesBuildPhase section */
		682728D1224515F4004AABBA /* Resources */ = {
			isa = PBXResourcesBuildPhase;
			buildActionMask = 2147483647;
			files = (
				682728E1224515F4004AABBA /* LaunchScreen.storyboard in Resources */,
				682728DE224515F4004AABBA /* Assets.xcassets in Resources */,
				682728DC224515F4004AABBA /* Main.storyboard in Resources */,
			);
			runOnlyForDeploymentPostprocessing = 0;
		};
		682728E5224515F4004AABBA /* Resources */ = {
			isa = PBXResourcesBuildPhase;
			buildActionMask = 2147483647;
			files = (
			);
			runOnlyForDeploymentPostprocessing = 0;
		};
		682728F0224515F4004AABBA /* Resources */ = {
			isa = PBXResourcesBuildPhase;
			buildActionMask = 2147483647;
			files = (
			);
			runOnlyForDeploymentPostprocessing = 0;
		};
/* End PBXResourcesBuildPhase section */

/* Begin PBXSourcesBuildPhase section */
		682728CF224515F4004AABBA /* Sources */ = {
			isa = PBXSourcesBuildPhase;
			buildActionMask = 2147483647;
			files = (
				6840FA14224E638500662D2F /* ConversionViewController.swift in Sources */,
				68EEB28A2257F9B000AA4C99 /* MapViewController.swift in Sources */,
				682728D7224515F4004AABBA /* AppDelegate.swift in Sources */,
			);
			runOnlyForDeploymentPostprocessing = 0;
		};
		682728E3224515F4004AABBA /* Sources */ = {
			isa = PBXSourcesBuildPhase;
			buildActionMask = 2147483647;
			files = (
				682728EC224515F4004AABBA /* WorldTrotterTests.swift in Sources */,
			);
			runOnlyForDeploymentPostprocessing = 0;
		};
		682728EE224515F4004AABBA /* Sources */ = {
			isa = PBXSourcesBuildPhase;
			buildActionMask = 2147483647;
			files = (
				682728F7224515F4004AABBA /* WorldTrotterUITests.swift in Sources */,
			);
			runOnlyForDeploymentPostprocessing = 0;
		};
/* End PBXSourcesBuildPhase section */

/* Begin PBXTargetDependency section */
		682728E9224515F4004AABBA /* PBXTargetDependency */ = {
			isa = PBXTargetDependency;
			target = 682728D2224515F4004AABBA /* WorldTrotter */;
			targetProxy = 682728E8224515F4004AABBA /* PBXContainerItemProxy */;
		};
		682728F4224515F4004AABBA /* PBXTargetDependency */ = {
			isa = PBXTargetDependency;
			target = 682728D2224515F4004AABBA /* WorldTrotter */;
			targetProxy = 682728F3224515F4004AABBA /* PBXContainerItemProxy */;
		};
/* End PBXTargetDependency section */

/* Begin PBXVariantGroup section */
		682728DA224515F4004AABBA /* Main.storyboard */ = {
			isa = PBXVariantGroup;
			children = (
				682728DB224515F4004AABBA /* Base */,
			);
			name = Main.storyboard;
			sourceTree = "<group>";
		};
		682728DF224515F4004AABBA /* LaunchScreen.storyboard */ = {
			isa = PBXVariantGroup;
			children = (
				682728E0224515F4004AABBA /* Base */,
			);
			name = LaunchScreen.storyboard;
			sourceTree = "<group>";
		};
/* End PBXVariantGroup section */

/* Begin XCBuildConfiguration section */
		682728F9224515F5004AABBA /* Debug */ = {
			isa = XCBuildConfiguration;
			buildSettings = {
				ALWAYS_SEARCH_USER_PATHS = NO;
				CLANG_ANALYZER_NONNULL = YES;
				CLANG_ANALYZER_NUMBER_OBJECT_CONVERSION = YES_AGGRESSIVE;
				CLANG_CXX_LANGUAGE_STANDARD = "gnu++14";
				CLANG_CXX_LIBRARY = "libc++";
				CLANG_ENABLE_MODULES = YES;
				CLANG_ENABLE_OBJC_ARC = YES;
				CLANG_ENABLE_OBJC_WEAK = YES;
				CLANG_WARN_BLOCK_CAPTURE_AUTORELEASING = YES;
				CLANG_WARN_BOOL_CONVERSION = YES;
				CLANG_WARN_COMMA = YES;
				CLANG_WARN_CONSTANT_CONVERSION = YES;
				CLANG_WARN_DEPRECATED_OBJC_IMPLEMENTATIONS = YES;
				CLANG_WARN_DIRECT_OBJC_ISA_USAGE = YES_ERROR;
				CLANG_WARN_DOCUMENTATION_COMMENTS = YES;
				CLANG_WARN_EMPTY_BODY = YES;
				CLANG_WARN_ENUM_CONVERSION = YES;
				CLANG_WARN_INFINITE_RECURSION = YES;
				CLANG_WARN_INT_CONVERSION = YES;
				CLANG_WARN_NON_LITERAL_NULL_CONVERSION = YES;
				CLANG_WARN_OBJC_IMPLICIT_RETAIN_SELF = YES;
				CLANG_WARN_OBJC_LITERAL_CONVERSION = YES;
				CLANG_WARN_OBJC_ROOT_CLASS = YES_ERROR;
				CLANG_WARN_RANGE_LOOP_ANALYSIS = YES;
				CLANG_WARN_STRICT_PROTOTYPES = YES;
				CLANG_WARN_SUSPICIOUS_MOVE = YES;
				CLANG_WARN_UNGUARDED_AVAILABILITY = YES_AGGRESSIVE;
				CLANG_WARN_UNREACHABLE_CODE = YES;
				CLANG_WARN__DUPLICATE_METHOD_MATCH = YES;
				CODE_SIGN_IDENTITY = "iPhone Developer";
				COPY_PHASE_STRIP = NO;
				DEBUG_INFORMATION_FORMAT = dwarf;
				ENABLE_STRICT_OBJC_MSGSEND = YES;
				ENABLE_TESTABILITY = YES;
				GCC_C_LANGUAGE_STANDARD = gnu11;
				GCC_DYNAMIC_NO_PIC = NO;
				GCC_NO_COMMON_BLOCKS = YES;
				GCC_OPTIMIZATION_LEVEL = 0;
				GCC_PREPROCESSOR_DEFINITIONS = (
					"DEBUG=1",
					"$(inherited)",
				);
				GCC_WARN_64_TO_32_BIT_CONVERSION = YES;
				GCC_WARN_ABOUT_RETURN_TYPE = YES_ERROR;
				GCC_WARN_UNDECLARED_SELECTOR = YES;
				GCC_WARN_UNINITIALIZED_AUTOS = YES_AGGRESSIVE;
				GCC_WARN_UNUSED_FUNCTION = YES;
				GCC_WARN_UNUSED_VARIABLE = YES;
				IPHONEOS_DEPLOYMENT_TARGET = 12.1;
				MTL_ENABLE_DEBUG_INFO = INCLUDE_SOURCE;
				MTL_FAST_MATH = YES;
				ONLY_ACTIVE_ARCH = YES;
				SDKROOT = iphoneos;
				SWIFT_ACTIVE_COMPILATION_CONDITIONS = DEBUG;
				SWIFT_OPTIMIZATION_LEVEL = "-Onone";
			};
			name = Debug;
		};
		682728FA224515F5004AABBA /* Release */ = {
			isa = XCBuildConfiguration;
			buildSettings = {
				ALWAYS_SEARCH_USER_PATHS = NO;
				CLANG_ANALYZER_NONNULL = YES;
				CLANG_ANALYZER_NUMBER_OBJECT_CONVERSION = YES_AGGRESSIVE;
				CLANG_CXX_LANGUAGE_STANDARD = "gnu++14";
				CLANG_CXX_LIBRARY = "libc++";
				CLANG_ENABLE_MODULES = YES;
				CLANG_ENABLE_OBJC_ARC = YES;
				CLANG_ENABLE_OBJC_WEAK = YES;
				CLANG_WARN_BLOCK_CAPTURE_AUTORELEASING = YES;
				CLANG_WARN_BOOL_CONVERSION = YES;
				CLANG_WARN_COMMA = YES;
				CLANG_WARN_CONSTANT_CONVERSION = YES;
				CLANG_WARN_DEPRECATED_OBJC_IMPLEMENTATIONS = YES;
				CLANG_WARN_DIRECT_OBJC_ISA_USAGE = YES_ERROR;
				CLANG_WARN_DOCUMENTATION_COMMENTS = YES;
				CLANG_WARN_EMPTY_BODY = YES;
				CLANG_WARN_ENUM_CONVERSION = YES;
				CLANG_WARN_INFINITE_RECURSION = YES;
				CLANG_WARN_INT_CONVERSION = YES;
				CLANG_WARN_NON_LITERAL_NULL_CONVERSION = YES;
				CLANG_WARN_OBJC_IMPLICIT_RETAIN_SELF = YES;
				CLANG_WARN_OBJC_LITERAL_CONVERSION = YES;
				CLANG_WARN_OBJC_ROOT_CLASS = YES_ERROR;
				CLANG_WARN_RANGE_LOOP_ANALYSIS = YES;
				CLANG_WARN_STRICT_PROTOTYPES = YES;
				CLANG_WARN_SUSPICIOUS_MOVE = YES;
				CLANG_WARN_UNGUARDED_AVAILABILITY = YES_AGGRESSIVE;
				CLANG_WARN_UNREACHABLE_CODE = YES;
				CLANG_WARN__DUPLICATE_METHOD_MATCH = YES;
				CODE_SIGN_IDENTITY = "iPhone Developer";
				COPY_PHASE_STRIP = NO;
				DEBUG_INFORMATION_FORMAT = "dwarf-with-dsym";
				ENABLE_NS_ASSERTIONS = NO;
				ENABLE_STRICT_OBJC_MSGSEND = YES;
				GCC_C_LANGUAGE_STANDARD = gnu11;
				GCC_NO_COMMON_BLOCKS = YES;
				GCC_WARN_64_TO_32_BIT_CONVERSION = YES;
				GCC_WARN_ABOUT_RETURN_TYPE = YES_ERROR;
				GCC_WARN_UNDECLARED_SELECTOR = YES;
				GCC_WARN_UNINITIALIZED_AUTOS = YES_AGGRESSIVE;
				GCC_WARN_UNUSED_FUNCTION = YES;
				GCC_WARN_UNUSED_VARIABLE = YES;
				IPHONEOS_DEPLOYMENT_TARGET = 12.1;
				MTL_ENABLE_DEBUG_INFO = NO;
				MTL_FAST_MATH = YES;
				SDKROOT = iphoneos;
				SWIFT_COMPILATION_MODE = wholemodule;
				SWIFT_OPTIMIZATION_LEVEL = "-O";
				VALIDATE_PRODUCT = YES;
			};
			name = Release;
		};
		682728FC224515F5004AABBA /* Debug */ = {
			isa = XCBuildConfiguration;
			buildSettings = {
				ASSETCATALOG_COMPILER_APPICON_NAME = AppIcon;
				CODE_SIGN_STYLE = Automatic;
				INFOPLIST_FILE = WorldTrotter/Info.plist;
				LD_RUNPATH_SEARCH_PATHS = (
					"$(inherited)",
					"@executable_path/Frameworks",
				);
				PRODUCT_BUNDLE_IDENTIFIER = com.example.WorldTrotter;
				PRODUCT_NAME = "$(TARGET_NAME)";
				SWIFT_VERSION = 4.2;
				TARGETED_DEVICE_FAMILY = "1,2";
			};
			name = Debug;
		};
		682728FD224515F5004AABBA /* Release */ = {
			isa = XCBuildConfiguration;
			buildSettings = {
				ASSETCATALOG_COMPILER_APPICON_NAME = AppIcon;
				CODE_SIGN_STYLE = Automatic;
				INFOPLIST_FILE = WorldTrotter/Info.plist;
				LD_RUNPATH_SEARCH_PATHS = (
					"$(inherited)",
					"@executable_path/Frameworks",
				);
				PRODUCT_BUNDLE_IDENTIFIER = com.example.WorldTrotter;
				PRODUCT_NAME = "$(TARGET_NAME)";
				SWIFT_VERSION = 4.2;
				TARGETED_DEVICE_FAMILY = "1,2";
			};
			name = Release;
		};
		682728FF224515F5004AABBA /* Debug */ = {
			isa = XCBuildConfiguration;
			buildSettings = {
				ALWAYS_EMBED_SWIFT_STANDARD_LIBRARIES = YES;
				BUNDLE_LOADER = "$(TEST_HOST)";
				CODE_SIGN_STYLE = Automatic;
				INFOPLIST_FILE = WorldTrotterTests/Info.plist;
				LD_RUNPATH_SEARCH_PATHS = (
					"$(inherited)",
					"@executable_path/Frameworks",
					"@loader_path/Frameworks",
				);
				PRODUCT_BUNDLE_IDENTIFIER = com.example.WorldTrotterTests;
				PRODUCT_NAME = "$(TARGET_NAME)";
				SWIFT_VERSION = 4.2;
				TARGETED_DEVICE_FAMILY = "1,2";
				TEST_HOST = "$(BUILT_PRODUCTS_DIR)/WorldTrotter.app/WorldTrotter";
			};
			name = Debug;
		};
		68272900224515F5004AABBA /* Release */ = {
			isa = XCBuildConfiguration;
			buildSettings = {
				ALWAYS_EMBED_SWIFT_STANDARD_LIBRARIES = YES;
				BUNDLE_LOADER = "$(TEST_HOST)";
				CODE_SIGN_STYLE = Automatic;
				INFOPLIST_FILE = WorldTrotterTests/Info.plist;
				LD_RUNPATH_SEARCH_PATHS = (
					"$(inherited)",
					"@executable_path/Frameworks",
					"@loader_path/Frameworks",
				);
				PRODUCT_BUNDLE_IDENTIFIER = com.example.WorldTrotterTests;
				PRODUCT_NAME = "$(TARGET_NAME)";
				SWIFT_VERSION = 4.2;
				TARGETED_DEVICE_FAMILY = "1,2";
				TEST_HOST = "$(BUILT_PRODUCTS_DIR)/WorldTrotter.app/WorldTrotter";
			};
			name = Release;
		};
		68272902224515F5004AABBA /* Debug */ = {
			isa = XCBuildConfiguration;
			buildSettings = {
				ALWAYS_EMBED_SWIFT_STANDARD_LIBRARIES = YES;
				CODE_SIGN_STYLE = Automatic;
				INFOPLIST_FILE = WorldTrotterUITests/Info.plist;
				LD_RUNPATH_SEARCH_PATHS = (
					"$(inherited)",
					"@executable_path/Frameworks",
					"@loader_path/Frameworks",
				);
				PRODUCT_BUNDLE_IDENTIFIER = com.example.WorldTrotterUITests;
				PRODUCT_NAME = "$(TARGET_NAME)";
				SWIFT_VERSION = 4.2;
				TARGETED_DEVICE_FAMILY = "1,2";
				TEST_TARGET_NAME = WorldTrotter;
			};
			name = Debug;
		};
		68272903224515F5004AABBA /* Release */ = {
			isa = XCBuildConfiguration;
			buildSettings = {
				ALWAYS_EMBED_SWIFT_STANDARD_LIBRARIES = YES;
				CODE_SIGN_STYLE = Automatic;
				INFOPLIST_FILE = WorldTrotterUITests/Info.plist;
				LD_RUNPATH_SEARCH_PATHS = (
					"$(inherited)",
					"@executable_path/Frameworks",
					"@loader_path/Frameworks",
				);
				PRODUCT_BUNDLE_IDENTIFIER = com.example.WorldTrotterUITests;
				PRODUCT_NAME = "$(TARGET_NAME)";
				SWIFT_VERSION = 4.2;
				TARGETED_DEVICE_FAMILY = "1,2";
				TEST_TARGET_NAME = WorldTrotter;
			};
			name = Release;
		};
/* End XCBuildConfiguration section */

/* Begin XCConfigurationList section */
		682728CE224515F4004AABBA /* Build configuration list for PBXProject "WorldTrotter" */ = {
			isa = XCConfigurationList;
			buildConfigurations = (
				682728F9224515F5004AABBA /* Debug */,
				682728FA224515F5004AABBA /* Release */,
			);
			defaultConfigurationIsVisible = 0;
			defaultConfigurationName = Release;
		};
		682728FB224515F5004AABBA /* Build configuration list for PBXNativeTarget "WorldTrotter" */ = {
			isa = XCConfigurationList;
			buildConfigurations = (
				682728FC224515F5004AABBA /* Debug */,
				682728FD224515F5004AABBA /* Release */,
			);
			defaultConfigurationIsVisible = 0;
			defaultConfigurationName = Release;
		};
		682728FE224515F5004AABBA /* Build configuration list for PBXNativeTarget "WorldTrotterTests" */ = {
			isa = XCConfigurationList;
			buildConfigurations = (
				682728FF224515F5004AABBA /* Debug */,
				68272900224515F5004AABBA /* Release */,
			);
			defaultConfigurationIsVisible = 0;
			defaultConfigurationName = Release;
		};
		68272901224515F5004AABBA /* Build configuration list for PBXNativeTarget "WorldTrotterUITests" */ = {
			isa = XCConfigurationList;
			buildConfigurations = (
				68272902224515F5004AABBA /* Debug */,
				68272903224515F5004AABBA /* Release */,
			);
			defaultConfigurationIsVisible = 0;
			defaultConfigurationName = Release;
		};
/* End XCConfigurationList section */
	};
	rootObject = 682728CB224515F4004AABBA /* Project object */;
}
